
Microsoft Visual Studio Solution File, Format Version 12.00
# Visual Studio Version 17
VisualStudioVersion = 17.7.34031.279
MinimumVisualStudioVersion = 10.0.40219.1
Project("{2150E333-8FDC-42A3-9474-1A3956D46DE8}") = "Shared", "Shared", "{80C3A3E8-0FD9-44DF-854B-85F7FE9E1B99}"
	ProjectSection(SolutionItems) = preProject
		.editorconfig = .editorconfig
		Directory.Packages.props = Directory.Packages.props
		SharedFrameworkAssemblyInfo.props = SharedFrameworkAssemblyInfo.props
	EndProjectSection
EndProject
Project("{9A19103F-16F7-4668-BE54-9A1E7A4F7556}") = "Elvex.Toolbox", "src\Elvex.Toolbox\Elvex.Toolbox.csproj", "{40C78659-310F-4289-8E9A-7ED593646FED}"
EndProject
Project("{9A19103F-16F7-4668-BE54-9A1E7A4F7556}") = "Elvex.Toolbox.Abstractions", "src\Elvex.Toolbox.Abstractions\Elvex.Toolbox.Abstractions.csproj", "{E60F70E7-A747-43D8-9E1C-19FB8B4543E5}"
EndProject
Project("{2150E333-8FDC-42A3-9474-1A3956D46DE8}") = "Tests", "Tests", "{8BB90B28-5CC9-4BAE-BC32-9A724CD71EF1}"
EndProject
Project("{9A19103F-16F7-4668-BE54-9A1E7A4F7556}") = "Elvex.Toolbox.Core.UnitTests", "src\tests\Elvex.Toolbox.Core.UnitTests\Elvex.Toolbox.Core.UnitTests.csproj", "{42BF6634-EC74-45DA-826E-5E194E054600}"
EndProject
Project("{9A19103F-16F7-4668-BE54-9A1E7A4F7556}") = "Elvex.Toolbox.UnitTests.ToolKit", "src\tests\Elvex.Toolbox.UnitTests.ToolKit\Elvex.Toolbox.UnitTests.ToolKit.csproj", "{293E5612-480B-4B39-B4BA-3215BE258C9B}"
EndProject
Project("{9A19103F-16F7-4668-BE54-9A1E7A4F7556}") = "Elvex.Toolbox.Configuration", "src\Elvex.Toolbox.Configuration\Elvex.Toolbox.Configuration.csproj", "{42067F10-806A-4F12-BE75-2545A29BD7BC}"
EndProject
Project("{9A19103F-16F7-4668-BE54-9A1E7A4F7556}") = "Elvex.Toolbox.WPF", "src\Elvex.Toolbox.WPF\Elvex.Toolbox.WPF.csproj", "{671AA67A-73BA-44AE-9913-62690F48822C}"
EndProject
Project("{9A19103F-16F7-4668-BE54-9A1E7A4F7556}") = "Elvex.Toolbox.WPF.Abstractions", "src\Elvex.Toolbox.WPF.Abstractions\Elvex.Toolbox.WPF.Abstractions.csproj", "{A3B9F295-DF2F-4934-8794-9D1AF47771AA}"
EndProject
Project("{9A19103F-16F7-4668-BE54-9A1E7A4F7556}") = "Elvex.Toolbox.WPF.UI", "src\Elvex.Toolbox.WPF.UI\Elvex.Toolbox.WPF.UI.csproj", "{D0EDDF45-3D00-4544-8570-DCE384914F93}"
EndProject
Project("{9A19103F-16F7-4668-BE54-9A1E7A4F7556}") = "Elvex.Toolbox.Configuration.UnitTests", "src\tests\Elvex.Toolbox.Configuration.UnitTests\Elvex.Toolbox.Configuration.UnitTests.csproj", "{B126A88A-3095-4DFC-ABCA-C25FE509272B}"
EndProject
Project("{9A19103F-16F7-4668-BE54-9A1E7A4F7556}") = "Elvex.Toolbox.WPF.UI.Avalon", "src\Elvex.Toolbox.WPF.UI.Avalon\Elvex.Toolbox.WPF.UI.Avalon.csproj", "{9C521A61-B19F-486D-A2DD-FE40166AD882}"
EndProject
Project("{9A19103F-16F7-4668-BE54-9A1E7A4F7556}") = "Elvex.Toolbox.Abstractions.UnitTests", "src\tests\Elvex.Toolbox.Abstractions.UnitTests\Elvex.Toolbox.Abstractions.UnitTests.csproj", "{CD0128FE-CCCE-4AEE-A330-D12826C18C2B}"
EndProject
Project("{2150E333-8FDC-42A3-9474-1A3956D46DE8}") = "Benchmarks", "Benchmarks", "{72CE5BFE-4F06-4134-A3F9-228077AF6A81}"
EndProject
Project("{FAE04EC0-301F-11D3-BF4B-00C04F79EFBC}") = "Elvex.Toolbox.Benchmark.Sandbox", "src\benchmarks\Elvex.Toolbox.Benchmark.Sandbox\Elvex.Toolbox.Benchmark.Sandbox.csproj", "{C0FDAAF8-2599-4D1E-8D64-BE2C33C39662}"
EndProject
Global
	GlobalSection(SolutionConfigurationPlatforms) = preSolution
		Debug|Any CPU = Debug|Any CPU
		Release|Any CPU = Release|Any CPU
	EndGlobalSection
	GlobalSection(ProjectConfigurationPlatforms) = postSolution
		{40C78659-310F-4289-8E9A-7ED593646FED}.Debug|Any CPU.ActiveCfg = Debug|Any CPU
		{40C78659-310F-4289-8E9A-7ED593646FED}.Debug|Any CPU.Build.0 = Debug|Any CPU
		{40C78659-310F-4289-8E9A-7ED593646FED}.Release|Any CPU.ActiveCfg = Release|Any CPU
		{40C78659-310F-4289-8E9A-7ED593646FED}.Release|Any CPU.Build.0 = Release|Any CPU
		{E60F70E7-A747-43D8-9E1C-19FB8B4543E5}.Debug|Any CPU.ActiveCfg = Debug|Any CPU
		{E60F70E7-A747-43D8-9E1C-19FB8B4543E5}.Debug|Any CPU.Build.0 = Debug|Any CPU
		{E60F70E7-A747-43D8-9E1C-19FB8B4543E5}.Release|Any CPU.ActiveCfg = Release|Any CPU
		{E60F70E7-A747-43D8-9E1C-19FB8B4543E5}.Release|Any CPU.Build.0 = Release|Any CPU
		{42BF6634-EC74-45DA-826E-5E194E054600}.Debug|Any CPU.ActiveCfg = Debug|Any CPU
		{42BF6634-EC74-45DA-826E-5E194E054600}.Debug|Any CPU.Build.0 = Debug|Any CPU
		{42BF6634-EC74-45DA-826E-5E194E054600}.Release|Any CPU.ActiveCfg = Release|Any CPU
		{42BF6634-EC74-45DA-826E-5E194E054600}.Release|Any CPU.Build.0 = Release|Any CPU
		{293E5612-480B-4B39-B4BA-3215BE258C9B}.Debug|Any CPU.ActiveCfg = Debug|Any CPU
		{293E5612-480B-4B39-B4BA-3215BE258C9B}.Debug|Any CPU.Build.0 = Debug|Any CPU
		{293E5612-480B-4B39-B4BA-3215BE258C9B}.Release|Any CPU.ActiveCfg = Release|Any CPU
		{293E5612-480B-4B39-B4BA-3215BE258C9B}.Release|Any CPU.Build.0 = Release|Any CPU
		{42067F10-806A-4F12-BE75-2545A29BD7BC}.Debug|Any CPU.ActiveCfg = Debug|Any CPU
		{42067F10-806A-4F12-BE75-2545A29BD7BC}.Debug|Any CPU.Build.0 = Debug|Any CPU
		{42067F10-806A-4F12-BE75-2545A29BD7BC}.Release|Any CPU.ActiveCfg = Release|Any CPU
		{42067F10-806A-4F12-BE75-2545A29BD7BC}.Release|Any CPU.Build.0 = Release|Any CPU
		{671AA67A-73BA-44AE-9913-62690F48822C}.Debug|Any CPU.ActiveCfg = Debug|Any CPU
		{671AA67A-73BA-44AE-9913-62690F48822C}.Debug|Any CPU.Build.0 = Debug|Any CPU
		{671AA67A-73BA-44AE-9913-62690F48822C}.Release|Any CPU.ActiveCfg = Release|Any CPU
		{671AA67A-73BA-44AE-9913-62690F48822C}.Release|Any CPU.Build.0 = Release|Any CPU
		{A3B9F295-DF2F-4934-8794-9D1AF47771AA}.Debug|Any CPU.ActiveCfg = Debug|Any CPU
		{A3B9F295-DF2F-4934-8794-9D1AF47771AA}.Debug|Any CPU.Build.0 = Debug|Any CPU
		{A3B9F295-DF2F-4934-8794-9D1AF47771AA}.Release|Any CPU.ActiveCfg = Release|Any CPU
		{A3B9F295-DF2F-4934-8794-9D1AF47771AA}.Release|Any CPU.Build.0 = Release|Any CPU
		{D0EDDF45-3D00-4544-8570-DCE384914F93}.Debug|Any CPU.ActiveCfg = Debug|Any CPU
		{D0EDDF45-3D00-4544-8570-DCE384914F93}.Debug|Any CPU.Build.0 = Debug|Any CPU
		{D0EDDF45-3D00-4544-8570-DCE384914F93}.Release|Any CPU.ActiveCfg = Release|Any CPU
		{D0EDDF45-3D00-4544-8570-DCE384914F93}.Release|Any CPU.Build.0 = Release|Any CPU
		{B126A88A-3095-4DFC-ABCA-C25FE509272B}.Debug|Any CPU.ActiveCfg = Debug|Any CPU
		{B126A88A-3095-4DFC-ABCA-C25FE509272B}.Debug|Any CPU.Build.0 = Debug|Any CPU
		{B126A88A-3095-4DFC-ABCA-C25FE509272B}.Release|Any CPU.ActiveCfg = Release|Any CPU
		{B126A88A-3095-4DFC-ABCA-C25FE509272B}.Release|Any CPU.Build.0 = Release|Any CPU
		{9C521A61-B19F-486D-A2DD-FE40166AD882}.Debug|Any CPU.ActiveCfg = Debug|Any CPU
		{9C521A61-B19F-486D-A2DD-FE40166AD882}.Debug|Any CPU.Build.0 = Debug|Any CPU
		{9C521A61-B19F-486D-A2DD-FE40166AD882}.Release|Any CPU.ActiveCfg = Release|Any CPU
		{9C521A61-B19F-486D-A2DD-FE40166AD882}.Release|Any CPU.Build.0 = Release|Any CPU
		{CD0128FE-CCCE-4AEE-A330-D12826C18C2B}.Debug|Any CPU.ActiveCfg = Debug|Any CPU
		{CD0128FE-CCCE-4AEE-A330-D12826C18C2B}.Debug|Any CPU.Build.0 = Debug|Any CPU
		{CD0128FE-CCCE-4AEE-A330-D12826C18C2B}.Release|Any CPU.ActiveCfg = Release|Any CPU
		{CD0128FE-CCCE-4AEE-A330-D12826C18C2B}.Release|Any CPU.Build.0 = Release|Any CPU
		{C0FDAAF8-2599-4D1E-8D64-BE2C33C39662}.Debug|Any CPU.ActiveCfg = Debug|Any CPU
		{C0FDAAF8-2599-4D1E-8D64-BE2C33C39662}.Debug|Any CPU.Build.0 = Debug|Any CPU
		{C0FDAAF8-2599-4D1E-8D64-BE2C33C39662}.Release|Any CPU.ActiveCfg = Release|Any CPU
		{C0FDAAF8-2599-4D1E-8D64-BE2C33C39662}.Release|Any CPU.Build.0 = Release|Any CPU
	EndGlobalSection
	GlobalSection(SolutionProperties) = preSolution
		HideSolutionNode = FALSE
	EndGlobalSection
	GlobalSection(NestedProjects) = preSolution
		{42BF6634-EC74-45DA-826E-5E194E054600} = {8BB90B28-5CC9-4BAE-BC32-9A724CD71EF1}
		{293E5612-480B-4B39-B4BA-3215BE258C9B} = {8BB90B28-5CC9-4BAE-BC32-9A724CD71EF1}
		{B126A88A-3095-4DFC-ABCA-C25FE509272B} = {8BB90B28-5CC9-4BAE-BC32-9A724CD71EF1}
		{CD0128FE-CCCE-4AEE-A330-D12826C18C2B} = {8BB90B28-5CC9-4BAE-BC32-9A724CD71EF1}
		{C0FDAAF8-2599-4D1E-8D64-BE2C33C39662} = {72CE5BFE-4F06-4134-A3F9-228077AF6A81}
	EndGlobalSection
	GlobalSection(ExtensibilityGlobals) = postSolution
		SolutionGuid = {C4BF7339-CA28-415E-85F2-FC495C4B58F2}
	EndGlobalSection
EndGlobal
